// !$*UTF8*$!
{
	archiveVersion = 1;
	classes = {
	};
	objectVersion = 46;
	objects = {

/* Begin PBXBuildFile section */
		073B68351F4BB70F007CB549 /* AppDelegate.swift in Sources */ = {isa = PBXBuildFile; fileRef = 073B68341F4BB70F007CB549 /* AppDelegate.swift */; };
		073B68371F4BB70F007CB549 /* ViewController.swift in Sources */ = {isa = PBXBuildFile; fileRef = 073B68361F4BB70F007CB549 /* ViewController.swift */; };
		073B683A1F4BB70F007CB549 /* Main.storyboard in Resources */ = {isa = PBXBuildFile; fileRef = 073B68381F4BB70F007CB549 /* Main.storyboard */; };
		073B683D1F4BB70F007CB549 /* ExpandCollapseSectionDemo.xcdatamodeld in Sources */ = {isa = PBXBuildFile; fileRef = 073B683B1F4BB70F007CB549 /* ExpandCollapseSectionDemo.xcdatamodeld */; };
		073B683F1F4BB70F007CB549 /* Assets.xcassets in Resources */ = {isa = PBXBuildFile; fileRef = 073B683E1F4BB70F007CB549 /* Assets.xcassets */; };
		073B68421F4BB70F007CB549 /* LaunchScreen.storyboard in Resources */ = {isa = PBXBuildFile; fileRef = 073B68401F4BB70F007CB549 /* LaunchScreen.storyboard */; };
/* End PBXBuildFile section */

/* Begin PBXFileReference section */
		073B68311F4BB70F007CB549 /* ExpandCollapseSectionDemo.app */ = {isa = PBXFileReference; explicitFileType = wrapper.application; includeInIndex = 0; path = ExpandCollapseSectionDemo.app; sourceTree = BUILT_PRODUCTS_DIR; };
		073B68341F4BB70F007CB549 /* AppDelegate.swift */ = {isa = PBXFileReference; lastKnownFileType = sourcecode.swift; path = AppDelegate.swift; sourceTree = "<group>"; };
		073B68361F4BB70F007CB549 /* ViewController.swift */ = {isa = PBXFileReference; lastKnownFileType = sourcecode.swift; path = ViewController.swift; sourceTree = "<group>"; };
		073B68391F4BB70F007CB549 /* Base */ = {isa = PBXFileReference; lastKnownFileType = file.storyboard; name = Base; path = Base.lproj/Main.storyboard; sourceTree = "<group>"; };
		073B683C1F4BB70F007CB549 /* ExpandCollapseSectionDemo.xcdatamodel */ = {isa = PBXFileReference; lastKnownFileType = wrapper.xcdatamodel; path = ExpandCollapseSectionDemo.xcdatamodel; sourceTree = "<group>"; };
		073B683E1F4BB70F007CB549 /* Assets.xcassets */ = {isa = PBXFileReference; lastKnownFileType = folder.assetcatalog; path = Assets.xcassets; sourceTree = "<group>"; };
		073B68411F4BB70F007CB549 /* Base */ = {isa = PBXFileReference; lastKnownFileType = file.storyboard; name = Base; path = Base.lproj/LaunchScreen.storyboard; sourceTree = "<group>"; };
		073B68431F4BB70F007CB549 /* Info.plist */ = {isa = PBXFileReference; lastKnownFileType = text.plist.xml; path = Info.plist; sourceTree = "<group>"; };
/* End PBXFileReference section */

/* Begin PBXFrameworksBuildPhase section */
		073B682E1F4BB70F007CB549 /* Frameworks */ = {
			isa = PBXFrameworksBuildPhase;
			buildActionMask = 2147483647;
			files = (
			);
			runOnlyForDeploymentPostprocessing = 0;
		};
/* End PBXFrameworksBuildPhase section */

/* Begin PBXGroup section */
		073B68281F4BB70F007CB549 = {
			isa = PBXGroup;
			children = (
				073B68331F4BB70F007CB549 /* ExpandCollapseSectionDemo */,
				073B68321F4BB70F007CB549 /* Products */,
			);
			sourceTree = "<group>";
		};
		073B68321F4BB70F007CB549 /* Products */ = {
			isa = PBXGroup;
			children = (
				073B68311F4BB70F007CB549 /* ExpandCollapseSectionDemo.app */,
			);
			name = Products;
			sourceTree = "<group>";
		};
		073B68331F4BB70F007CB549 /* ExpandCollapseSectionDemo */ = {
			isa = PBXGroup;
			children = (
				073B68341F4BB70F007CB549 /* AppDelegate.swift */,
				073B68361F4BB70F007CB549 /* ViewController.swift */,
				073B68381F4BB70F007CB549 /* Main.storyboard */,
				073B683E1F4BB70F007CB549 /* Assets.xcassets */,
				073B68401F4BB70F007CB549 /* LaunchScreen.storyboard */,
				073B68431F4BB70F007CB549 /* Info.plist */,
				073B683B1F4BB70F007CB549 /* ExpandCollapseSectionDemo.xcdatamodeld */,
			);
			path = ExpandCollapseSectionDemo;
			sourceTree = "<group>";
		};
/* End PBXGroup section */

/* Begin PBXNativeTarget section */
		073B68301F4BB70F007CB549 /* ExpandCollapseSectionDemo */ = {
			isa = PBXNativeTarget;
			buildConfigurationList = 073B68461F4BB70F007CB549 /* Build configuration list for PBXNativeTarget "ExpandCollapseSectionDemo" */;
			buildPhases = (
				073B682D1F4BB70F007CB549 /* Sources */,
				073B682E1F4BB70F007CB549 /* Frameworks */,
				073B682F1F4BB70F007CB549 /* Resources */,
			);
			buildRules = (
			);
			dependencies = (
			);
			name = ExpandCollapseSectionDemo;
			productName = ExpandCollapseSectionDemo;
			productReference = 073B68311F4BB70F007CB549 /* ExpandCollapseSectionDemo.app */;
			productType = "com.apple.product-type.application";
		};
/* End PBXNativeTarget section */

/* Begin PBXProject section */
		073B68291F4BB70F007CB549 /* Project object */ = {
			isa = PBXProject;
			attributes = {
				LastSwiftUpdateCheck = 0830;
				LastUpgradeCheck = 0830;
				ORGANIZATIONNAME = PAC;
				TargetAttributes = {
					073B68301F4BB70F007CB549 = {
						CreatedOnToolsVersion = 8.3.3;
						ProvisioningStyle = Automatic;
					};
				};
			};
			buildConfigurationList = 073B682C1F4BB70F007CB549 /* Build configuration list for PBXProject "ExpandCollapseSectionDemo" */;
			compatibilityVersion = "Xcode 3.2";
			developmentRegion = English;
			hasScannedForEncodings = 0;
			knownRegions = (
				en,
				Base,
			);
			mainGroup = 073B68281F4BB70F007CB549;
			productRefGroup = 073B68321F4BB70F007CB549 /* Products */;
			projectDirPath = "";
			projectRoot = "";
			targets = (
				073B68301F4BB70F007CB549 /* ExpandCollapseSectionDemo */,
			);
		};
/* End PBXProject section */

/* Begin PBXResourcesBuildPhase section */
		073B682F1F4BB70F007CB549 /* Resources */ = {
			isa = PBXResourcesBuildPhase;
			buildActionMask = 2147483647;
			files = (
				073B68421F4BB70F007CB549 /* LaunchScreen.storyboard in Resources */,
				073B683F1F4BB70F007CB549 /* Assets.xcassets in Resources */,
				073B683A1F4BB70F007CB549 /* Main.storyboard in Resources */,
			);
			runOnlyForDeploymentPostprocessing = 0;
		};
/* End PBXResourcesBuildPhase section */

/* Begin PBXSourcesBuildPhase section */
		073B682D1F4BB70F007CB549 /* Sources */ = {
			isa = PBXSourcesBuildPhase;
			buildActionMask = 2147483647;
			files = (
				073B68371F4BB70F007CB549 /* ViewController.swift in Sources */,
				073B68351F4BB70F007CB549 /* AppDelegate.swift in Sources */,
				073B683D1F4BB70F007CB549 /* ExpandCollapseSectionDemo.xcdatamodeld in Sources */,
			);
			runOnlyForDeploymentPostprocessing = 0;
		};
/* End PBXSourcesBuildPhase section */

/* Begin PBXVariantGroup section */
		073B68381F4BB70F007CB549 /* Main.storyboard */ = {
			isa = PBXVariantGroup;
			children = (
				073B68391F4BB70F007CB549 /* Base */,
			);
			name = Main.storyboard;
			sourceTree = "<group>";
		};
		073B68401F4BB70F007CB549 /* LaunchScreen.storyboard */ = {
			isa = PBXVariantGroup;
			children = (
				073B68411F4BB70F007CB549 /* Base */,
			);
			name = LaunchScreen.storyboard;
			sourceTree = "<group>";
		};
/* End PBXVariantGroup section */

/* Begin XCBuildConfiguration section */
		073B68441F4BB70F007CB549 /* Debug */ = {
			isa = XCBuildConfiguration;
			buildSettings = {
				ALWAYS_SEARCH_USER_PATHS = NO;
				CLANG_ANALYZER_NONNULL = YES;
				CLANG_ANALYZER_NUMBER_OBJECT_CONVERSION = YES_AGGRESSIVE;
				CLANG_CXX_LANGUAGE_STANDARD = "gnu++0x";
				CLANG_CXX_LIBRARY = "libc++";
				CLANG_ENABLE_MODULES = YES;
				CLANG_ENABLE_OBJC_ARC = YES;
				CLANG_WARN_BOOL_CONVERSION = YES;
				CLANG_WARN_CONSTANT_CONVERSION = YES;
				CLANG_WARN_DIRECT_OBJC_ISA_USAGE = YES_ERROR;
				CLANG_WARN_DOCUMENTATION_COMMENTS = YES;
				CLANG_WARN_EMPTY_BODY = YES;
				CLANG_WARN_ENUM_CONVERSION = YES;
				CLANG_WARN_INFINITE_RECURSION = YES;
				CLANG_WARN_INT_CONVERSION = YES;
				CLANG_WARN_OBJC_ROOT_CLASS = YES_ERROR;
				CLANG_WARN_SUSPICIOUS_MOVE = YES;
				CLANG_WARN_UNREACHABLE_CODE = YES;
				CLANG_WARN__DUPLICATE_METHOD_MATCH = YES;
				"CODE_SIGN_IDENTITY[sdk=iphoneos*]" = "iPhone Developer";
				COPY_PHASE_STRIP = NO;
				DEBUG_INFORMATION_FORMAT = dwarf;
				ENABLE_STRICT_OBJC_MSGSEND = YES;
				ENABLE_TESTABILITY = YES;
				GCC_C_LANGUAGE_STANDARD = gnu99;
				GCC_DYNAMIC_NO_PIC = NO;
				GCC_NO_COMMON_BLOCKS = YES;
				GCC_OPTIMIZATION_LEVEL = 0;
				GCC_PREPROCESSOR_DEFINITIONS = (
					"DEBUG=1",
					"$(inherited)",
				);
				GCC_WARN_64_TO_32_BIT_CONVERSION = YES;
				GCC_WARN_ABOUT_RETURN_TYPE = YES_ERROR;
				GCC_WARN_UNDECLARED_SELECTOR = YES;
				GCC_WARN_UNINITIALIZED_AUTOS = YES_AGGRESSIVE;
				GCC_WARN_UNUSED_FUNCTION = YES;
				GCC_WARN_UNUSED_VARIABLE = YES;
				IPHONEOS_DEPLOYMENT_TARGET = 10.3;
				MTL_ENABLE_DEBUG_INFO = YES;
				ONLY_ACTIVE_ARCH = YES;
				SDKROOT = iphoneos;
				SWIFT_ACTIVE_COMPILATION_CONDITIONS = DEBUG;
				SWIFT_OPTIMIZATION_LEVEL = "-Onone";
				TARGETED_DEVICE_FAMILY = "1,2";
			};
			name = Debug;
		};
		073B68451F4BB70F007CB549 /* Release */ = {
			isa = XCBuildConfiguration;
			buildSettings = {
				ALWAYS_SEARCH_USER_PATHS = NO;
				CLANG_ANALYZER_NONNULL = YES;
				CLANG_ANALYZER_NUMBER_OBJECT_CONVERSION = YES_AGGRESSIVE;
				CLANG_CXX_LANGUAGE_STANDARD = "gnu++0x";
				CLANG_CXX_LIBRARY = "libc++";
				CLANG_ENABLE_MODULES = YES;
				CLANG_ENABLE_OBJC_ARC = YES;
				CLANG_WARN_BOOL_CONVERSION = YES;
				CLANG_WARN_CONSTANT_CONVERSION = YES;
				CLANG_WARN_DIRECT_OBJC_ISA_USAGE = YES_ERROR;
				CLANG_WARN_DOCUMENTATION_COMMENTS = YES;
				CLANG_WARN_EMPTY_BODY = YES;
				CLANG_WARN_ENUM_CONVERSION = YES;
				CLANG_WARN_INFINITE_RECURSION = YES;
				CLANG_WARN_INT_CONVERSION = YES;
				CLANG_WARN_OBJC_ROOT_CLASS = YES_ERROR;
				CLANG_WARN_SUSPICIOUS_MOVE = YES;
				CLANG_WARN_UNREACHABLE_CODE = YES;
				CLANG_WARN__DUPLICATE_METHOD_MATCH = YES;
				"CODE_SIGN_IDENTITY[sdk=iphoneos*]" = "iPhone Developer";
				COPY_PHASE_STRIP = NO;
				DEBUG_INFORMATION_FORMAT = "dwarf-with-dsym";
				ENABLE_NS_ASSERTIONS = NO;
				ENABLE_STRICT_OBJC_MSGSEND = YES;
				GCC_C_LANGUAGE_STANDARD = gnu99;
				GCC_NO_COMMON_BLOCKS = YES;
				GCC_WARN_64_TO_32_BIT_CONVERSION = YES;
				GCC_WARN_ABOUT_RETURN_TYPE = YES_ERROR;
				GCC_WARN_UNDECLARED_SELECTOR = YES;
				GCC_WARN_UNINITIALIZED_AUTOS = YES_AGGRESSIVE;
				GCC_WARN_UNUSED_FUNCTION = YES;
				GCC_WARN_UNUSED_VARIABLE = YES;
				IPHONEOS_DEPLOYMENT_TARGET = 10.3;
				MTL_ENABLE_DEBUG_INFO = NO;
				SDKROOT = iphoneos;
				SWIFT_OPTIMIZATION_LEVEL = "-Owholemodule";
				TARGETED_DEVICE_FAMILY = "1,2";
				VALIDATE_PRODUCT = YES;
			};
			name = Release;
		};
		073B68471F4BB70F007CB549 /* Debug */ = {
			isa = XCBuildConfiguration;
			buildSettings = {
				ASSETCATALOG_COMPILER_APPICON_NAME = AppIcon;
				INFOPLIST_FILE = ExpandCollapseSectionDemo/Info.plist;
				LD_RUNPATH_SEARCH_PATHS = "$(inherited) @executable_path/Frameworks";
				PRODUCT_BUNDLE_IDENTIFIER = a.ExpandCollapseSectionDemo;
				PRODUCT_NAME = "$(TARGET_NAME)";
				SWIFT_VERSION = 3.0;
			};
			name = Debug;
		};
		073B68481F4BB70F007CB549 /* Release */ = {
			isa = XCBuildConfiguration;
			buildSettings = {
				ASSETCATALOG_COMPILER_APPICON_NAME = AppIcon;
				INFOPLIST_FILE = ExpandCollapseSectionDemo/Info.plist;
				LD_RUNPATH_SEARCH_PATHS = "$(inherited) @executable_path/Frameworks";
				PRODUCT_BUNDLE_IDENTIFIER = a.ExpandCollapseSectionDemo;
				PRODUCT_NAME = "$(TARGET_NAME)";
				SWIFT_VERSION = 3.0;
			};
			name = Release;
		};
/* End XCBuildConfiguration section */

/* Begin XCConfigurationList section */
		073B682C1F4BB70F007CB549 /* Build configuration list for PBXProject "ExpandCollapseSectionDemo" */ = {
			isa = XCConfigurationList;
			buildConfigurations = (
				073B68441F4BB70F007CB549 /* Debug */,
				073B68451F4BB70F007CB549 /* Release */,
			);
			defaultConfigurationIsVisible = 0;
			defaultConfigurationName = Release;
		};
		073B68461F4BB70F007CB549 /* Build configuration list for PBXNativeTarget "ExpandCollapseSectionDemo" */ = {
			isa = XCConfigurationList;
			buildConfigurations = (
				073B68471F4BB70F007CB549 /* Debug */,
				073B68481F4BB70F007CB549 /* Release */,
			);
			defaultConfigurationIsVisible = 0;
		};
/* End XCConfigurationList section */

/* Begin XCVersionGroup section */
		073B683B1F4BB70F007CB549 /* ExpandCollapseSectionDemo.xcdatamodeld */ = {
			isa = XCVersionGroup;
			children = (
				073B683C1F4BB70F007CB549 /* ExpandCollapseSectionDemo.xcdatamodel */,
			);
			currentVersion = 073B683C1F4BB70F007CB549 /* ExpandCollapseSectionDemo.xcdatamodel */;
			path = ExpandCollapseSectionDemo.xcdatamodeld;
			sourceTree = "<group>";
			versionGroupType = wrapper.xcdatamodel;
		};
/* End XCVersionGroup section */
	};
	rootObject = 073B68291F4BB70F007CB549 /* Project object */;
}
